// !$*UTF8*$!
{
	archiveVersion = 1;
	classes = {
	};
	objectVersion = 50;
	objects = {

/* Begin PBXBuildFile section */
		B0C0FB36237E082A009C4326 /* main.cpp in Sources */ = {isa = PBXBuildFile; fileRef = B0C0FB35237E082A009C4326 /* main.cpp */; };
/* End PBXBuildFile section */

/* Begin PBXCopyFilesBuildPhase section */
		B0C0FB1A237E07AE009C4326 /* CopyFiles */ = {
			isa = PBXCopyFilesBuildPhase;
			buildActionMask = 2147483647;
			dstPath = /usr/share/man/man1/;
			dstSubfolderSpec = 0;
			files = (
			);
			runOnlyForDeploymentPostprocessing = 1;
		};
/* End PBXCopyFilesBuildPhase section */

/* Begin PBXFileReference section */
		B0C0FB1C237E07AE009C4326 /* Inequality */ = {isa = PBXFileReference; explicitFileType = "compiled.mach-o.executable"; includeInIndex = 0; path = Inequality; sourceTree = BUILT_PRODUCTS_DIR; };
		B0C0FB27237E07C4009C4326 /* 00.out */ = {isa = PBXFileReference; fileEncoding = 4; lastKnownFileType = text; path = 00.out; sourceTree = "<group>"; };
		B0C0FB28237E07C4009C4326 /* 01.out */ = {isa = PBXFileReference; fileEncoding = 4; lastKnownFileType = text; path = 01.out; sourceTree = "<group>"; };
		B0C0FB29237E07C4009C4326 /* 03.out */ = {isa = PBXFileReference; fileEncoding = 4; lastKnownFileType = text; path = 03.out; sourceTree = "<group>"; };
		B0C0FB2A237E07C4009C4326 /* 02.out */ = {isa = PBXFileReference; fileEncoding = 4; lastKnownFileType = text; path = 02.out; sourceTree = "<group>"; };
		B0C0FB2B237E07C4009C4326 /* 05.out */ = {isa = PBXFileReference; fileEncoding = 4; lastKnownFileType = text; path = 05.out; sourceTree = "<group>"; };
		B0C0FB2C237E07C4009C4326 /* 04.out */ = {isa = PBXFileReference; fileEncoding = 4; lastKnownFileType = text; path = 04.out; sourceTree = "<group>"; };
		B0C0FB2D237E07C4009C4326 /* 01.in */ = {isa = PBXFileReference; fileEncoding = 4; lastKnownFileType = text; path = 01.in; sourceTree = "<group>"; };
		B0C0FB2E237E07C4009C4326 /* 05.in */ = {isa = PBXFileReference; fileEncoding = 4; lastKnownFileType = text; path = 05.in; sourceTree = "<group>"; };
		B0C0FB2F237E07C4009C4326 /* 04.in */ = {isa = PBXFileReference; fileEncoding = 4; lastKnownFileType = text; path = 04.in; sourceTree = "<group>"; };
		B0C0FB30237E07C4009C4326 /* 00.in */ = {isa = PBXFileReference; fileEncoding = 4; lastKnownFileType = text; path = 00.in; sourceTree = "<group>"; };
		B0C0FB31237E07C4009C4326 /* 03.in */ = {isa = PBXFileReference; fileEncoding = 4; lastKnownFileType = text; path = 03.in; sourceTree = "<group>"; };
		B0C0FB32237E07C4009C4326 /* 02.in */ = {isa = PBXFileReference; fileEncoding = 4; lastKnownFileType = text; path = 02.in; sourceTree = "<group>"; };
		B0C0FB35237E082A009C4326 /* main.cpp */ = {isa = PBXFileReference; lastKnownFileType = sourcecode.cpp.cpp; path = main.cpp; sourceTree = "<group>"; };
/* End PBXFileReference section */

/* Begin PBXFrameworksBuildPhase section */
		B0C0FB19237E07AE009C4326 /* Frameworks */ = {
			isa = PBXFrameworksBuildPhase;
			buildActionMask = 2147483647;
			files = (
			);
			runOnlyForDeploymentPostprocessing = 0;
		};
/* End PBXFrameworksBuildPhase section */

/* Begin PBXGroup section */
		B0C0FB13237E07AE009C4326 = {
			isa = PBXGroup;
			children = (
				B0C0FB1E237E07AE009C4326 /* Inequality */,
				B0C0FB1D237E07AE009C4326 /* Products */,
			);
			sourceTree = "<group>";
		};
		B0C0FB1D237E07AE009C4326 /* Products */ = {
			isa = PBXGroup;
			children = (
				B0C0FB1C237E07AE009C4326 /* Inequality */,
			);
			name = Products;
			sourceTree = "<group>";
		};
		B0C0FB1E237E07AE009C4326 /* Inequality */ = {
			isa = PBXGroup;
			children = (
				B0C0FB26237E07C4009C4326 /* tests */,
				B0C0FB35237E082A009C4326 /* main.cpp */,
			);
			path = Inequality;
			sourceTree = "<group>";
		};
		B0C0FB26237E07C4009C4326 /* tests */ = {
			isa = PBXGroup;
			children = (
				B0C0FB27237E07C4009C4326 /* 00.out */,
				B0C0FB28237E07C4009C4326 /* 01.out */,
				B0C0FB29237E07C4009C4326 /* 03.out */,
				B0C0FB2A237E07C4009C4326 /* 02.out */,
				B0C0FB2B237E07C4009C4326 /* 05.out */,
				B0C0FB2C237E07C4009C4326 /* 04.out */,
				B0C0FB2D237E07C4009C4326 /* 01.in */,
				B0C0FB2E237E07C4009C4326 /* 05.in */,
				B0C0FB2F237E07C4009C4326 /* 04.in */,
				B0C0FB30237E07C4009C4326 /* 00.in */,
				B0C0FB31237E07C4009C4326 /* 03.in */,
				B0C0FB32237E07C4009C4326 /* 02.in */,
			);
			path = tests;
			sourceTree = "<group>";
		};
/* End PBXGroup section */

/* Begin PBXNativeTarget section */
		B0C0FB1B237E07AE009C4326 /* Inequality */ = {
			isa = PBXNativeTarget;
			buildConfigurationList = B0C0FB23237E07AE009C4326 /* Build configuration list for PBXNativeTarget "Inequality" */;
			buildPhases = (
				B0C0FB18237E07AE009C4326 /* Sources */,
				B0C0FB19237E07AE009C4326 /* Frameworks */,
				B0C0FB1A237E07AE009C4326 /* CopyFiles */,
			);
			buildRules = (
			);
			dependencies = (
			);
			name = Inequality;
			productName = Inequality;
			productReference = B0C0FB1C237E07AE009C4326 /* Inequality */;
			productType = "com.apple.product-type.tool";
		};
/* End PBXNativeTarget section */

/* Begin PBXProject section */
		B0C0FB14237E07AE009C4326 /* Project object */ = {
			isa = PBXProject;
			attributes = {
				LastUpgradeCheck = 1120;
				ORGANIZATIONNAME = "Lucid Software";
				TargetAttributes = {
					B0C0FB1B237E07AE009C4326 = {
						CreatedOnToolsVersion = 11.2.1;
					};
				};
			};
			buildConfigurationList = B0C0FB17237E07AE009C4326 /* Build configuration list for PBXProject "Inequality" */;
			compatibilityVersion = "Xcode 9.3";
			developmentRegion = en;
			hasScannedForEncodings = 0;
			knownRegions = (
				en,
				Base,
			);
			mainGroup = B0C0FB13237E07AE009C4326;
			productRefGroup = B0C0FB1D237E07AE009C4326 /* Products */;
			projectDirPath = "";
			projectRoot = "";
			targets = (
				B0C0FB1B237E07AE009C4326 /* Inequality */,
			);
		};
/* End PBXProject section */

/* Begin PBXSourcesBuildPhase section */
		B0C0FB18237E07AE009C4326 /* Sources */ = {
			isa = PBXSourcesBuildPhase;
			buildActionMask = 2147483647;
			files = (
				B0C0FB36237E082A009C4326 /* main.cpp in Sources */,
			);
			runOnlyForDeploymentPostprocessing = 0;
		};
/* End PBXSourcesBuildPhase section */

/* Begin XCBuildConfiguration section */
		B0C0FB21237E07AE009C4326 /* Debug */ = {
			isa = XCBuildConfiguration;
			buildSettings = {
				ALWAYS_SEARCH_USER_PATHS = NO;
				CLANG_ANALYZER_NONNULL = YES;
				CLANG_ANALYZER_NUMBER_OBJECT_CONVERSION = YES_AGGRESSIVE;
				CLANG_CXX_LANGUAGE_STANDARD = "gnu++14";
				CLANG_CXX_LIBRARY = "libc++";
				CLANG_ENABLE_MODULES = YES;
				CLANG_ENABLE_OBJC_ARC = YES;
				CLANG_ENABLE_OBJC_WEAK = YES;
				CLANG_WARN_BLOCK_CAPTURE_AUTORELEASING = YES;
				CLANG_WARN_BOOL_CONVERSION = YES;
				CLANG_WARN_COMMA = YES;
				CLANG_WARN_CONSTANT_CONVERSION = YES;
				CLANG_WARN_DEPRECATED_OBJC_IMPLEMENTATIONS = YES;
				CLANG_WARN_DIRECT_OBJC_ISA_USAGE = YES_ERROR;
				CLANG_WARN_DOCUMENTATION_COMMENTS = YES;
				CLANG_WARN_EMPTY_BODY = YES;
				CLANG_WARN_ENUM_CONVERSION = YES;
				CLANG_WARN_INFINITE_RECURSION = YES;
				CLANG_WARN_INT_CONVERSION = YES;
				CLANG_WARN_NON_LITERAL_NULL_CONVERSION = YES;
				CLANG_WARN_OBJC_IMPLICIT_RETAIN_SELF = YES;
				CLANG_WARN_OBJC_LITERAL_CONVERSION = YES;
				CLANG_WARN_OBJC_ROOT_CLASS = YES_ERROR;
				CLANG_WARN_RANGE_LOOP_ANALYSIS = YES;
				CLANG_WARN_STRICT_PROTOTYPES = YES;
				CLANG_WARN_SUSPICIOUS_MOVE = YES;
				CLANG_WARN_UNGUARDED_AVAILABILITY = YES_AGGRESSIVE;
				CLANG_WARN_UNREACHABLE_CODE = YES;
				CLANG_WARN__DUPLICATE_METHOD_MATCH = YES;
				COPY_PHASE_STRIP = NO;
				DEBUG_INFORMATION_FORMAT = dwarf;
				ENABLE_STRICT_OBJC_MSGSEND = YES;
				ENABLE_TESTABILITY = YES;
				GCC_C_LANGUAGE_STANDARD = gnu11;
				GCC_DYNAMIC_NO_PIC = NO;
				GCC_NO_COMMON_BLOCKS = YES;
				GCC_OPTIMIZATION_LEVEL = 0;
				GCC_PREPROCESSOR_DEFINITIONS = (
					"DEBUG=1",
					"$(inherited)",
				);
				GCC_WARN_64_TO_32_BIT_CONVERSION = YES;
				GCC_WARN_ABOUT_RETURN_TYPE = YES_ERROR;
				GCC_WARN_UNDECLARED_SELECTOR = YES;
				GCC_WARN_UNINITIALIZED_AUTOS = YES_AGGRESSIVE;
				GCC_WARN_UNUSED_FUNCTION = YES;
				GCC_WARN_UNUSED_VARIABLE = YES;
				MACOSX_DEPLOYMENT_TARGET = 10.15;
				MTL_ENABLE_DEBUG_INFO = INCLUDE_SOURCE;
				MTL_FAST_MATH = YES;
				ONLY_ACTIVE_ARCH = YES;
				SDKROOT = macosx;
			};
			name = Debug;
		};
		B0C0FB22237E07AE009C4326 /* Release */ = {
			isa = XCBuildConfiguration;
			buildSettings = {
				ALWAYS_SEARCH_USER_PATHS = NO;
				CLANG_ANALYZER_NONNULL = YES;
				CLANG_ANALYZER_NUMBER_OBJECT_CONVERSION = YES_AGGRESSIVE;
				CLANG_CXX_LANGUAGE_STANDARD = "gnu++14";
				CLANG_CXX_LIBRARY = "libc++";
				CLANG_ENABLE_MODULES = YES;
				CLANG_ENABLE_OBJC_ARC = YES;
				CLANG_ENABLE_OBJC_WEAK = YES;
				CLANG_WARN_BLOCK_CAPTURE_AUTORELEASING = YES;
				CLANG_WARN_BOOL_CONVERSION = YES;
				CLANG_WARN_COMMA = YES;
				CLANG_WARN_CONSTANT_CONVERSION = YES;
				CLANG_WARN_DEPRECATED_OBJC_IMPLEMENTATIONS = YES;
				CLANG_WARN_DIRECT_OBJC_ISA_USAGE = YES_ERROR;
				CLANG_WARN_DOCUMENTATION_COMMENTS = YES;
				CLANG_WARN_EMPTY_BODY = YES;
				CLANG_WARN_ENUM_CONVERSION = YES;
				CLANG_WARN_INFINITE_RECURSION = YES;
				CLANG_WARN_INT_CONVERSION = YES;
				CLANG_WARN_NON_LITERAL_NULL_CONVERSION = YES;
				CLANG_WARN_OBJC_IMPLICIT_RETAIN_SELF = YES;
				CLANG_WARN_OBJC_LITERAL_CONVERSION = YES;
				CLANG_WARN_OBJC_ROOT_CLASS = YES_ERROR;
				CLANG_WARN_RANGE_LOOP_ANALYSIS = YES;
				CLANG_WARN_STRICT_PROTOTYPES = YES;
				CLANG_WARN_SUSPICIOUS_MOVE = YES;
				CLANG_WARN_UNGUARDED_AVAILABILITY = YES_AGGRESSIVE;
				CLANG_WARN_UNREACHABLE_CODE = YES;
				CLANG_WARN__DUPLICATE_METHOD_MATCH = YES;
				COPY_PHASE_STRIP = NO;
				DEBUG_INFORMATION_FORMAT = "dwarf-with-dsym";
				ENABLE_NS_ASSERTIONS = NO;
				ENABLE_STRICT_OBJC_MSGSEND = YES;
				GCC_C_LANGUAGE_STANDARD = gnu11;
				GCC_NO_COMMON_BLOCKS = YES;
				GCC_WARN_64_TO_32_BIT_CONVERSION = YES;
				GCC_WARN_ABOUT_RETURN_TYPE = YES_ERROR;
				GCC_WARN_UNDECLARED_SELECTOR = YES;
				GCC_WARN_UNINITIALIZED_AUTOS = YES_AGGRESSIVE;
				GCC_WARN_UNUSED_FUNCTION = YES;
				GCC_WARN_UNUSED_VARIABLE = YES;
				MACOSX_DEPLOYMENT_TARGET = 10.15;
				MTL_ENABLE_DEBUG_INFO = NO;
				MTL_FAST_MATH = YES;
				SDKROOT = macosx;
			};
			name = Release;
		};
		B0C0FB24237E07AE009C4326 /* Debug */ = {
			isa = XCBuildConfiguration;
			buildSettings = {
				CODE_SIGN_STYLE = Automatic;
				DEVELOPMENT_TEAM = V6KTU5CWEW;
				ENABLE_HARDENED_RUNTIME = YES;
				PRODUCT_NAME = "$(TARGET_NAME)";
			};
			name = Debug;
		};
		B0C0FB25237E07AE009C4326 /* Release */ = {
			isa = XCBuildConfiguration;
			buildSettings = {
				CODE_SIGN_STYLE = Automatic;
				DEVELOPMENT_TEAM = V6KTU5CWEW;
				ENABLE_HARDENED_RUNTIME = YES;
				PRODUCT_NAME = "$(TARGET_NAME)";
			};
			name = Release;
		};
/* End XCBuildConfiguration section */

/* Begin XCConfigurationList section */
		B0C0FB17237E07AE009C4326 /* Build configuration list for PBXProject "Inequality" */ = {
			isa = XCConfigurationList;
			buildConfigurations = (
				B0C0FB21237E07AE009C4326 /* Debug */,
				B0C0FB22237E07AE009C4326 /* Release */,
			);
			defaultConfigurationIsVisible = 0;
			defaultConfigurationName = Release;
		};
		B0C0FB23237E07AE009C4326 /* Build configuration list for PBXNativeTarget "Inequality" */ = {
			isa = XCConfigurationList;
			buildConfigurations = (
				B0C0FB24237E07AE009C4326 /* Debug */,
				B0C0FB25237E07AE009C4326 /* Release */,
			);
			defaultConfigurationIsVisible = 0;
			defaultConfigurationName = Release;
		};
/* End XCConfigurationList section */
	};
	rootObject = B0C0FB14237E07AE009C4326 /* Project object */;
}
